{
  "name": "simple",
  "requires": true,
  "lockfileVersion": 1,
  "dependencies": {
    "itt": {
      "version": "0.7.3",
      "resolved": "https://registry.npmjs.org/itt/-/itt-0.7.3.tgz",
      "integrity": "sha512-64SglBoaJLyJLS2AoSNMFXPhMEsO5EnVqHUw5Z+ztkXO28w4ObFBaOO172hujlgQsj10oZwIwQPo5+krj8vh3g=="
    }
  }
}
