{
  "name": "oax",
  "version": "0.0.0",
  "lockfileVersion": 1,
  "requires": true,
  "dependencies": {
    "oax-darwin": {
      "version": "0.5.13",
      "resolved": "https://registry.npmjs.org/oax-darwin/-/oax-darwin-0.5.13.tgz",
      "integrity": "sha512-dKTRn+YQXAimfC5SXxFcbvFan0M5YJldDfI870tjBvbhONL3WExR+6JaoQbIo/MeYI5c07Od17BTbjxotCdaiA==",
      "optional": true
    },
    "oax-linux-64": {
      "version": "0.5.13",
      "resolved": "https://registry.npmjs.org/oax-linux-64/-/oax-linux-64-0.5.13.tgz",
      "integrity": "sha512-IRuCFtLlxQr7+Qs17gis/P8CehsId8XMy3WrnN+bge6DEzYvI5vHiT5RylKiaob4Gq5/47ApzitSwIgOeUQ1RQ==",
      "optional": true
    },
    "oax-windows-64": {
      "version": "0.5.13",
      "resolved": "https://registry.npmjs.org/oax-windows-64/-/oax-windows-64-0.5.13.tgz",
      "integrity": "sha512-Nl9aHc0TBLmIPSlelqk+LM8f4bxIxPRN9SpIhHMXqVvjtXzfemietnK0N9Oi6ZtvIUw7NDscauvkhDUwhnjkNQ==",
      "optional": true
    }
  }
}
