{
  "name": "scrumple",
  "version": "0.0.0",
  "lockfileVersion": 1,
  "requires": true,
  "dependencies": {
    "scrumple-darwin": {
      "version": "0.5.13",
      "resolved": "https://registry.npmjs.org/scrumple-darwin/-/scrumple-darwin-0.5.13.tgz",
      "integrity": "sha512-dKTRn+YQXAimfC5SXxFcbvFan0M5YJldDfI870tjBvbhONL3WExR+6JaoQbIo/MeYI5c07Od17BTbjxotCdaiA==",
      "optional": true
    },
    "scrumple-linux-64": {
      "version": "0.5.13",
      "resolved": "https://registry.npmjs.org/scrumple-linux-64/-/scrumple-linux-64-0.5.13.tgz",
      "integrity": "sha512-IRuCFtLlxQr7+Qs17gis/P8CehsId8XMy3WrnN+bge6DEzYvI5vHiT5RylKiaob4Gq5/47ApzitSwIgOeUQ1RQ==",
      "optional": true
    },
    "scrumple-windows-64": {
      "version": "0.5.13",
      "resolved": "https://registry.npmjs.org/scrumple-windows-64/-/scrumple-windows-64-0.5.13.tgz",
      "integrity": "sha512-Nl9aHc0TBLmIPSlelqk+LM8f4bxIxPRN9SpIhHMXqVvjtXzfemietnK0N9Oi6ZtvIUw7NDscauvkhDUwhnjkNQ==",
      "optional": true
    }
  }
}
